
Microsoft Visual Studio Solution File, Format Version 12.00
# Visual Studio Version 17
VisualStudioVersion = 17.10.35122.118
MinimumVisualStudioVersion = 10.0.40219.1
Project("{9A19103F-16F7-4668-BE54-9A1E7A4F7556}") = "BusTicket.Data", "BusTicket.Data\BusTicket.Data.csproj", "{E58E268C-D36F-4FE8-A1C9-9AB8D682BCD2}"
EndProject
Project("{9A19103F-16F7-4668-BE54-9A1E7A4F7556}") = "BusTicket.Domain", "BusTicket.Domain\BusTicket.Domain.csproj", "{A808F1E6-4606-4C7A-A10C-1556AFCE7032}"
EndProject
Project("{9A19103F-16F7-4668-BE54-9A1E7A4F7556}") = "BusTicket.Application", "BusTicket.Application\BusTicket.Application.csproj", "{5B9BF3A9-771F-417B-8445-F1B862607525}"
EndProject
Project("{9A19103F-16F7-4668-BE54-9A1E7A4F7556}") = "BusTicket.Persistence", "BusTicket.Persistence\BusTicket.Persistence.csproj", "{7A015FA3-5530-48B6-BE7B-CA1F7455CEF7}"
EndProject
Project("{9A19103F-16F7-4668-BE54-9A1E7A4F7556}") = "BusTicket.Web", "BusTicket.Web\BusTicket.Web.csproj", "{C8CA36AB-8E60-438B-A6ED-1B8E00FF68C2}"
EndProject
Project("{FAE04EC0-301F-11D3-BF4B-00C04F79EFBC}") = "BusTicket.API", "BusTicket.API\BusTicket.API.csproj", "{9528DF63-DA66-46B5-BAD0-C12EDEE6BDD0}"
EndProject
Global
	GlobalSection(SolutionConfigurationPlatforms) = preSolution
		Debug|Any CPU = Debug|Any CPU
		Release|Any CPU = Release|Any CPU
	EndGlobalSection
	GlobalSection(ProjectConfigurationPlatforms) = postSolution
		{E58E268C-D36F-4FE8-A1C9-9AB8D682BCD2}.Debug|Any CPU.ActiveCfg = Debug|Any CPU
		{E58E268C-D36F-4FE8-A1C9-9AB8D682BCD2}.Debug|Any CPU.Build.0 = Debug|Any CPU
		{E58E268C-D36F-4FE8-A1C9-9AB8D682BCD2}.Release|Any CPU.ActiveCfg = Release|Any CPU
		{E58E268C-D36F-4FE8-A1C9-9AB8D682BCD2}.Release|Any CPU.Build.0 = Release|Any CPU
		{A808F1E6-4606-4C7A-A10C-1556AFCE7032}.Debug|Any CPU.ActiveCfg = Debug|Any CPU
		{A808F1E6-4606-4C7A-A10C-1556AFCE7032}.Debug|Any CPU.Build.0 = Debug|Any CPU
		{A808F1E6-4606-4C7A-A10C-1556AFCE7032}.Release|Any CPU.ActiveCfg = Release|Any CPU
		{A808F1E6-4606-4C7A-A10C-1556AFCE7032}.Release|Any CPU.Build.0 = Release|Any CPU
		{5B9BF3A9-771F-417B-8445-F1B862607525}.Debug|Any CPU.ActiveCfg = Debug|Any CPU
		{5B9BF3A9-771F-417B-8445-F1B862607525}.Debug|Any CPU.Build.0 = Debug|Any CPU
		{5B9BF3A9-771F-417B-8445-F1B862607525}.Release|Any CPU.ActiveCfg = Release|Any CPU
		{5B9BF3A9-771F-417B-8445-F1B862607525}.Release|Any CPU.Build.0 = Release|Any CPU
		{7A015FA3-5530-48B6-BE7B-CA1F7455CEF7}.Debug|Any CPU.ActiveCfg = Debug|Any CPU
		{7A015FA3-5530-48B6-BE7B-CA1F7455CEF7}.Debug|Any CPU.Build.0 = Debug|Any CPU
		{7A015FA3-5530-48B6-BE7B-CA1F7455CEF7}.Release|Any CPU.ActiveCfg = Release|Any CPU
		{7A015FA3-5530-48B6-BE7B-CA1F7455CEF7}.Release|Any CPU.Build.0 = Release|Any CPU
		{C8CA36AB-8E60-438B-A6ED-1B8E00FF68C2}.Debug|Any CPU.ActiveCfg = Debug|Any CPU
		{C8CA36AB-8E60-438B-A6ED-1B8E00FF68C2}.Debug|Any CPU.Build.0 = Debug|Any CPU
		{C8CA36AB-8E60-438B-A6ED-1B8E00FF68C2}.Release|Any CPU.ActiveCfg = Release|Any CPU
		{C8CA36AB-8E60-438B-A6ED-1B8E00FF68C2}.Release|Any CPU.Build.0 = Release|Any CPU
		{9528DF63-DA66-46B5-BAD0-C12EDEE6BDD0}.Debug|Any CPU.ActiveCfg = Debug|Any CPU
		{9528DF63-DA66-46B5-BAD0-C12EDEE6BDD0}.Debug|Any CPU.Build.0 = Debug|Any CPU
		{9528DF63-DA66-46B5-BAD0-C12EDEE6BDD0}.Release|Any CPU.ActiveCfg = Release|Any CPU
		{9528DF63-DA66-46B5-BAD0-C12EDEE6BDD0}.Release|Any CPU.Build.0 = Release|Any CPU
	EndGlobalSection
	GlobalSection(SolutionProperties) = preSolution
		HideSolutionNode = FALSE
	EndGlobalSection
	GlobalSection(ExtensibilityGlobals) = postSolution
		SolutionGuid = {7E8AE014-5547-4247-BDFB-1FBCEFA03A6E}
	EndGlobalSection
EndGlobal
